
Microsoft Visual Studio Solution File, Format Version 12.00
# Visual Studio Version 17
VisualStudioVersion = 17.7.34024.191
MinimumVisualStudioVersion = 10.0.40219.1
Project("{FAE04EC0-301F-11D3-BF4B-00C04F79EFBC}") = "OEM-RockPaperScissors", "OEM-RockPaperScissors.csproj", "{46C1FF53-B71D-4548-9C9D-2FE16CFC3555}"
EndProject
Global
	GlobalSection(SolutionConfigurationPlatforms) = preSolution
		Debug|Any CPU = Debug|Any CPU
		Release|Any CPU = Release|Any CPU
	EndGlobalSection
	GlobalSection(ProjectConfigurationPlatforms) = postSolution
		{46C1FF53-B71D-4548-9C9D-2FE16CFC3555}.Debug|Any CPU.ActiveCfg = Debug|Any CPU
		{46C1FF53-B71D-4548-9C9D-2FE16CFC3555}.Debug|Any CPU.Build.0 = Debug|Any CPU
		{46C1FF53-B71D-4548-9C9D-2FE16CFC3555}.Release|Any CPU.ActiveCfg = Release|Any CPU
		{46C1FF53-B71D-4548-9C9D-2FE16CFC3555}.Release|Any CPU.Build.0 = Release|Any CPU
	EndGlobalSection
	GlobalSection(SolutionProperties) = preSolution
		HideSolutionNode = FALSE
	EndGlobalSection
	GlobalSection(ExtensibilityGlobals) = postSolution
		SolutionGuid = {955BBDB5-FB5B-40C3-97C7-05685CA3D602}
	EndGlobalSection
EndGlobal
